
Microsoft Visual Studio Solution File, Format Version 12.00
# Visual Studio 2012
Project("{FAE04EC0-301F-11D3-BF4B-00C04F79EFBC}") = "RedisStudy", "RedisStudy\RedisStudy.csproj", "{838ADB34-1228-4E4F-82F9-5735E68618D9}"
EndProject
Global
	GlobalSection(SolutionConfigurationPlatforms) = preSolution
		Debug|Any CPU = Debug|Any CPU
		Release|Any CPU = Release|Any CPU
	EndGlobalSection
	GlobalSection(ProjectConfigurationPlatforms) = postSolution
		{838ADB34-1228-4E4F-82F9-5735E68618D9}.Debug|Any CPU.ActiveCfg = Debug|Any CPU
		{838ADB34-1228-4E4F-82F9-5735E68618D9}.Debug|Any CPU.Build.0 = Debug|Any CPU
		{838ADB34-1228-4E4F-82F9-5735E68618D9}.Release|Any CPU.ActiveCfg = Release|Any CPU
		{838ADB34-1228-4E4F-82F9-5735E68618D9}.Release|Any CPU.Build.0 = Release|Any CPU
	EndGlobalSection
	GlobalSection(SolutionProperties) = preSolution
		HideSolutionNode = FALSE
	EndGlobalSection
EndGlobal
